<Solution>
  <Project Path="BaseEx/BaseEx.csproj" />
  <Project Path="ConsoleApp1/ConsoleApp1.csproj" Id="248f9eaa-1a3b-4281-abce-79e066c660fa" />
  <Project Path="ConsoleReflection/ConsoleReflection.csproj" Id="90349b2b-b31b-4230-96b7-d3a17ac85cec" />
  <Project Path="PractiiceAPIException/PractiiceAPIException.csproj" Id="81192f5e-5121-47ef-bf15-e0bb87042038" />
</Solution>
